
Microsoft Visual Studio Solution File, Format Version 12.00
# Visual Studio Version 16
VisualStudioVersion = 16.0.30114.105
MinimumVisualStudioVersion = 10.0.40219.1
Project("{FAE04EC0-301F-11D3-BF4B-00C04F79EFBC}") = "API", "API\API.csproj", "{AF83272C-5094-4028-85D1-A217E2C6C868}"
EndProject
Project("{FAE04EC0-301F-11D3-BF4B-00C04F79EFBC}") = "Core", "Core\Core.csproj", "{E5FB6687-CAD5-4221-BF1E-31797D20AE6D}"
EndProject
Project("{FAE04EC0-301F-11D3-BF4B-00C04F79EFBC}") = "Infrastructure", "Infrastructure\Infrastructure.csproj", "{2C9B19A3-4298-44FF-92B9-84B39FA4D8E5}"
EndProject
Global
	GlobalSection(SolutionConfigurationPlatforms) = preSolution
		Debug|Any CPU = Debug|Any CPU
		Release|Any CPU = Release|Any CPU
	EndGlobalSection
	GlobalSection(SolutionProperties) = preSolution
		HideSolutionNode = FALSE
	EndGlobalSection
	GlobalSection(ProjectConfigurationPlatforms) = postSolution
		{AF83272C-5094-4028-85D1-A217E2C6C868}.Debug|Any CPU.ActiveCfg = Debug|Any CPU
		{AF83272C-5094-4028-85D1-A217E2C6C868}.Debug|Any CPU.Build.0 = Debug|Any CPU
		{AF83272C-5094-4028-85D1-A217E2C6C868}.Release|Any CPU.ActiveCfg = Release|Any CPU
		{AF83272C-5094-4028-85D1-A217E2C6C868}.Release|Any CPU.Build.0 = Release|Any CPU
		{E5FB6687-CAD5-4221-BF1E-31797D20AE6D}.Debug|Any CPU.ActiveCfg = Debug|Any CPU
		{E5FB6687-CAD5-4221-BF1E-31797D20AE6D}.Debug|Any CPU.Build.0 = Debug|Any CPU
		{E5FB6687-CAD5-4221-BF1E-31797D20AE6D}.Release|Any CPU.ActiveCfg = Release|Any CPU
		{E5FB6687-CAD5-4221-BF1E-31797D20AE6D}.Release|Any CPU.Build.0 = Release|Any CPU
		{2C9B19A3-4298-44FF-92B9-84B39FA4D8E5}.Debug|Any CPU.ActiveCfg = Debug|Any CPU
		{2C9B19A3-4298-44FF-92B9-84B39FA4D8E5}.Debug|Any CPU.Build.0 = Debug|Any CPU
		{2C9B19A3-4298-44FF-92B9-84B39FA4D8E5}.Release|Any CPU.ActiveCfg = Release|Any CPU
		{2C9B19A3-4298-44FF-92B9-84B39FA4D8E5}.Release|Any CPU.Build.0 = Release|Any CPU
	EndGlobalSection
EndGlobal
